
Microsoft Visual Studio Solution File, Format Version 12.00
# Visual Studio Version 17
VisualStudioVersion = 17.8.34525.116
MinimumVisualStudioVersion = 10.0.40219.1
Project("{9A19103F-16F7-4668-BE54-9A1E7A4F7556}") = "Domain", "Domain\Domain.csproj", "{1E56B72F-8DFA-498B-850D-7B912908612C}"
EndProject
Project("{9A19103F-16F7-4668-BE54-9A1E7A4F7556}") = "Application", "Application\Application.csproj", "{A0093885-9D42-431D-A3F0-C127B53D1432}"
EndProject
Project("{9A19103F-16F7-4668-BE54-9A1E7A4F7556}") = "Infrastructure", "Infrastructure\Infrastructure.csproj", "{F2AE5A2E-8A1A-4DA2-966A-BFD0662100D7}"
EndProject
Project("{9A19103F-16F7-4668-BE54-9A1E7A4F7556}") = "WebApi", "WebApi\WebApi.csproj", "{B3B34098-D02F-409E-AAB7-397BD04531CF}"
EndProject
Global
	GlobalSection(SolutionConfigurationPlatforms) = preSolution
		Debug|Any CPU = Debug|Any CPU
		Release|Any CPU = Release|Any CPU
	EndGlobalSection
	GlobalSection(ProjectConfigurationPlatforms) = postSolution
		{1E56B72F-8DFA-498B-850D-7B912908612C}.Debug|Any CPU.ActiveCfg = Debug|Any CPU
		{1E56B72F-8DFA-498B-850D-7B912908612C}.Debug|Any CPU.Build.0 = Debug|Any CPU
		{1E56B72F-8DFA-498B-850D-7B912908612C}.Release|Any CPU.ActiveCfg = Release|Any CPU
		{1E56B72F-8DFA-498B-850D-7B912908612C}.Release|Any CPU.Build.0 = Release|Any CPU
		{A0093885-9D42-431D-A3F0-C127B53D1432}.Debug|Any CPU.ActiveCfg = Debug|Any CPU
		{A0093885-9D42-431D-A3F0-C127B53D1432}.Debug|Any CPU.Build.0 = Debug|Any CPU
		{A0093885-9D42-431D-A3F0-C127B53D1432}.Release|Any CPU.ActiveCfg = Release|Any CPU
		{A0093885-9D42-431D-A3F0-C127B53D1432}.Release|Any CPU.Build.0 = Release|Any CPU
		{F2AE5A2E-8A1A-4DA2-966A-BFD0662100D7}.Debug|Any CPU.ActiveCfg = Debug|Any CPU
		{F2AE5A2E-8A1A-4DA2-966A-BFD0662100D7}.Debug|Any CPU.Build.0 = Debug|Any CPU
		{F2AE5A2E-8A1A-4DA2-966A-BFD0662100D7}.Release|Any CPU.ActiveCfg = Release|Any CPU
		{F2AE5A2E-8A1A-4DA2-966A-BFD0662100D7}.Release|Any CPU.Build.0 = Release|Any CPU
		{B3B34098-D02F-409E-AAB7-397BD04531CF}.Debug|Any CPU.ActiveCfg = Debug|Any CPU
		{B3B34098-D02F-409E-AAB7-397BD04531CF}.Debug|Any CPU.Build.0 = Debug|Any CPU
		{B3B34098-D02F-409E-AAB7-397BD04531CF}.Release|Any CPU.ActiveCfg = Release|Any CPU
		{B3B34098-D02F-409E-AAB7-397BD04531CF}.Release|Any CPU.Build.0 = Release|Any CPU
	EndGlobalSection
	GlobalSection(SolutionProperties) = preSolution
		HideSolutionNode = FALSE
	EndGlobalSection
	GlobalSection(ExtensibilityGlobals) = postSolution
		SolutionGuid = {52481DE5-4E3C-40BC-9A4C-CEEA73DCA67D}
	EndGlobalSection
EndGlobal
